
Microsoft Visual Studio Solution File, Format Version 12.00
# Visual Studio Version 18
VisualStudioVersion = 18.6.11819.183 stable
MinimumVisualStudioVersion = 10.0.40219.1
Project("{FAE04EC0-301F-11D3-BF4B-00C04F79EFBC}") = "CatalogoPro", "MyStoreLaZeta\CatalogoPro.csproj", "{6733324B-B4FA-467C-A839-DE59E55D992C}"
EndProject
Global
	GlobalSection(SolutionConfigurationPlatforms) = preSolution
		Debug|Any CPU = Debug|Any CPU
		Release|Any CPU = Release|Any CPU
	EndGlobalSection
	GlobalSection(ProjectConfigurationPlatforms) = postSolution
		{6733324B-B4FA-467C-A839-DE59E55D992C}.Debug|Any CPU.ActiveCfg = Debug|Any CPU
		{6733324B-B4FA-467C-A839-DE59E55D992C}.Debug|Any CPU.Build.0 = Debug|Any CPU
		{6733324B-B4FA-467C-A839-DE59E55D992C}.Release|Any CPU.ActiveCfg = Release|Any CPU
		{6733324B-B4FA-467C-A839-DE59E55D992C}.Release|Any CPU.Build.0 = Release|Any CPU
	EndGlobalSection
	GlobalSection(SolutionProperties) = preSolution
		HideSolutionNode = FALSE
	EndGlobalSection
	GlobalSection(ExtensibilityGlobals) = postSolution
		SolutionGuid = {178A843E-6DEB-4526-8080-04A732A8BC04}
	EndGlobalSection
EndGlobal
